// !$*UTF8*$!
{
	archiveVersion = 1;
	classes = {
	};
	objectVersion = 56;
	objects = {

/* Begin PBXBuildFile section */
		E226BE062C6AAE8800D8F389 /* AppDelegate.swift in Sources */ = {isa = PBXBuildFile; fileRef = E226BE052C6AAE8800D8F389 /* AppDelegate.swift */; };
		E226BE082C6AAE8800D8F389 /* SceneDelegate.swift in Sources */ = {isa = PBXBuildFile; fileRef = E226BE072C6AAE8800D8F389 /* SceneDelegate.swift */; };
		E226BE0A2C6AAE8800D8F389 /* ViewController.swift in Sources */ = {isa = PBXBuildFile; fileRef = E226BE092C6AAE8800D8F389 /* ViewController.swift */; };
		E226BE0F2C6AAE8A00D8F389 /* Assets.xcassets in Resources */ = {isa = PBXBuildFile; fileRef = E226BE0E2C6AAE8A00D8F389 /* Assets.xcassets */; };
		E226BE122C6AAE8A00D8F389 /* Base in Resources */ = {isa = PBXBuildFile; fileRef = E226BE112C6AAE8A00D8F389 /* Base */; };
		E226BE1D2C6CE5B800D8F389 /* RequestService.swift in Sources */ = {isa = PBXBuildFile; fileRef = E226BE1C2C6CE5B800D8F389 /* RequestService.swift */; };
		E226BE1F2C6CE63600D8F389 /* CarInfoManager.swift in Sources */ = {isa = PBXBuildFile; fileRef = E226BE1E2C6CE63600D8F389 /* CarInfoManager.swift */; };
		E226BE212C6CEA3800D8F389 /* RetryExecutor.swift in Sources */ = {isa = PBXBuildFile; fileRef = E226BE202C6CEA3800D8F389 /* RetryExecutor.swift */; };
		E22A803E2CD2E46100ADEB73 /* Profile in Frameworks */ = {isa = PBXBuildFile; productRef = E22A803D2CD2E46100ADEB73 /* Profile */; };
		E22A80402CD2F32600ADEB73 /* AnyFormatter in Frameworks */ = {isa = PBXBuildFile; productRef = E22A803F2CD2F32600ADEB73 /* AnyFormatter */; };
		E22A80422CD5B17500ADEB73 /* Search in Frameworks */ = {isa = PBXBuildFile; productRef = E22A80412CD5B17500ADEB73 /* Search */; };
		E22A80442CD5B17F00ADEB73 /* News in Frameworks */ = {isa = PBXBuildFile; productRef = E22A80432CD5B17F00ADEB73 /* News */; };
		E22C3E112CD1990D00FC0588 /* MainScreen in Frameworks */ = {isa = PBXBuildFile; productRef = E22C3E102CD1990D00FC0588 /* MainScreen */; };
		E230800B2D75DD930047F42F /* Skeleton in Frameworks */ = {isa = PBXBuildFile; productRef = E230800A2D75DD930047F42F /* Skeleton */; };
		E271DB2D2D71BA9B00B27052 /* Calculator in Frameworks */ = {isa = PBXBuildFile; productRef = E271DB2C2D71BA9B00B27052 /* Calculator */; };
		E271DB2F2D71BDE500B27052 /* Expenses in Frameworks */ = {isa = PBXBuildFile; productRef = E271DB2E2D71BDE500B27052 /* Expenses */; };
		E271DB312D71C11E00B27052 /* Documents in Frameworks */ = {isa = PBXBuildFile; productRef = E271DB302D71C11E00B27052 /* Documents */; };
		E284AE8C2CCD2E160008F5E6 /* CombineCoreData in Frameworks */ = {isa = PBXBuildFile; productRef = E284AE8B2CCD2E160008F5E6 /* CombineCoreData */; };
		E284AE922CCD2EAD0008F5E6 /* AppData.xcdatamodeld in Resources */ = {isa = PBXBuildFile; fileRef = E284AE902CCD2EAD0008F5E6 /* AppData.xcdatamodeld */; };
		E28F473B2CD1CA8200AB0029 /* MainTabBarViewController.swift in Sources */ = {isa = PBXBuildFile; fileRef = E28F473A2CD1CA8200AB0029 /* MainTabBarViewController.swift */; };
		E298BC9E2D81E09B00A41351 /* CarDocumentRecognizer in Frameworks */ = {isa = PBXBuildFile; productRef = E298BC9D2D81E09B00A41351 /* CarDocumentRecognizer */; };
		E2A3DB1E2DABEA2200A893D4 /* CarScanner in Frameworks */ = {isa = PBXBuildFile; productRef = E2A3DB1D2DABEA2200A893D4 /* CarScanner */; };
		E2CF79402C6EB86600022D5F /* MapViewController.swift in Sources */ = {isa = PBXBuildFile; fileRef = E2CF793F2C6EB86600022D5F /* MapViewController.swift */; };
		E2CF79422C70BF8F00022D5F /* ChatViewController.swift in Sources */ = {isa = PBXBuildFile; fileRef = E2CF79412C70BF8F00022D5F /* ChatViewController.swift */; };
		E2DCAEF22C9E3262006F4079 /* Architecture in Frameworks */ = {isa = PBXBuildFile; productRef = E2DCAEF12C9E3262006F4079 /* Architecture */; };
		E2DCAEF42C9E3262006F4079 /* CarInfo in Frameworks */ = {isa = PBXBuildFile; productRef = E2DCAEF32C9E3262006F4079 /* CarInfo */; };
		E2DCAEF62C9E3262006F4079 /* GlobalServiceLocator in Frameworks */ = {isa = PBXBuildFile; productRef = E2DCAEF52C9E3262006F4079 /* GlobalServiceLocator */; };
		E2DCAEF82C9E32AC006F4079 /* DesignKit in Frameworks */ = {isa = PBXBuildFile; productRef = E2DCAEF72C9E32AC006F4079 /* DesignKit */; };
		E2DCAEFA2C9E32EE006F4079 /* AppServices in Frameworks */ = {isa = PBXBuildFile; productRef = E2DCAEF92C9E32EE006F4079 /* AppServices */; };
		E2FBEB6A2D7610F5007F685D /* WeatherEffects in Frameworks */ = {isa = PBXBuildFile; productRef = E2FBEB692D7610F5007F685D /* WeatherEffects */; };
/* End PBXBuildFile section */

/* Begin PBXFileReference section */
		E226BE022C6AAE8800D8F389 /* MyAuto.app */ = {isa = PBXFileReference; explicitFileType = wrapper.application; includeInIndex = 0; path = MyAuto.app; sourceTree = BUILT_PRODUCTS_DIR; };
		E226BE052C6AAE8800D8F389 /* AppDelegate.swift */ = {isa = PBXFileReference; lastKnownFileType = sourcecode.swift; path = AppDelegate.swift; sourceTree = "<group>"; };
		E226BE072C6AAE8800D8F389 /* SceneDelegate.swift */ = {isa = PBXFileReference; lastKnownFileType = sourcecode.swift; path = SceneDelegate.swift; sourceTree = "<group>"; };
		E226BE092C6AAE8800D8F389 /* ViewController.swift */ = {isa = PBXFileReference; lastKnownFileType = sourcecode.swift; path = ViewController.swift; sourceTree = "<group>"; };
		E226BE0E2C6AAE8A00D8F389 /* Assets.xcassets */ = {isa = PBXFileReference; lastKnownFileType = folder.assetcatalog; path = Assets.xcassets; sourceTree = "<group>"; };
		E226BE112C6AAE8A00D8F389 /* Base */ = {isa = PBXFileReference; lastKnownFileType = file.storyboard; name = Base; path = Base.lproj/LaunchScreen.storyboard; sourceTree = "<group>"; };
		E226BE132C6AAE8A00D8F389 /* Info.plist */ = {isa = PBXFileReference; lastKnownFileType = text.plist.xml; path = Info.plist; sourceTree = "<group>"; };
		E226BE1C2C6CE5B800D8F389 /* RequestService.swift */ = {isa = PBXFileReference; lastKnownFileType = sourcecode.swift; path = RequestService.swift; sourceTree = "<group>"; };
		E226BE1E2C6CE63600D8F389 /* CarInfoManager.swift */ = {isa = PBXFileReference; lastKnownFileType = sourcecode.swift; path = CarInfoManager.swift; sourceTree = "<group>"; };
		E226BE202C6CEA3800D8F389 /* RetryExecutor.swift */ = {isa = PBXFileReference; lastKnownFileType = sourcecode.swift; path = RetryExecutor.swift; sourceTree = "<group>"; };
		E284AE912CCD2EAD0008F5E6 /* Model.xcdatamodel */ = {isa = PBXFileReference; lastKnownFileType = wrapper.xcdatamodel; path = Model.xcdatamodel; sourceTree = "<group>"; };
		E28F473A2CD1CA8200AB0029 /* MainTabBarViewController.swift */ = {isa = PBXFileReference; lastKnownFileType = sourcecode.swift; path = MainTabBarViewController.swift; sourceTree = "<group>"; };
		E2CF793F2C6EB86600022D5F /* MapViewController.swift */ = {isa = PBXFileReference; lastKnownFileType = sourcecode.swift; path = MapViewController.swift; sourceTree = "<group>"; };
		E2CF79412C70BF8F00022D5F /* ChatViewController.swift */ = {isa = PBXFileReference; lastKnownFileType = sourcecode.swift; path = ChatViewController.swift; sourceTree = "<group>"; };
/* End PBXFileReference section */

/* Begin PBXFrameworksBuildPhase section */
		E226BDFF2C6AAE8800D8F389 /* Frameworks */ = {
			isa = PBXFrameworksBuildPhase;
			buildActionMask = 2147483647;
			files = (
				E271DB2D2D71BA9B00B27052 /* Calculator in Frameworks */,
				E298BC9E2D81E09B00A41351 /* CarDocumentRecognizer in Frameworks */,
				E2A3DB1E2DABEA2200A893D4 /* CarScanner in Frameworks */,
				E22A80422CD5B17500ADEB73 /* Search in Frameworks */,
				E22A80402CD2F32600ADEB73 /* AnyFormatter in Frameworks */,
				E22A803E2CD2E46100ADEB73 /* Profile in Frameworks */,
				E2DCAEF22C9E3262006F4079 /* Architecture in Frameworks */,
				E22C3E112CD1990D00FC0588 /* MainScreen in Frameworks */,
				E2DCAEF42C9E3262006F4079 /* CarInfo in Frameworks */,
				E22A80442CD5B17F00ADEB73 /* News in Frameworks */,
				E2DCAEFA2C9E32EE006F4079 /* AppServices in Frameworks */,
				E271DB2F2D71BDE500B27052 /* Expenses in Frameworks */,
				E2DCAEF62C9E3262006F4079 /* GlobalServiceLocator in Frameworks */,
				E271DB312D71C11E00B27052 /* Documents in Frameworks */,
				E230800B2D75DD930047F42F /* Skeleton in Frameworks */,
				E2DCAEF82C9E32AC006F4079 /* DesignKit in Frameworks */,
				E2FBEB6A2D7610F5007F685D /* WeatherEffects in Frameworks */,
				E284AE8C2CCD2E160008F5E6 /* CombineCoreData in Frameworks */,
			);
			runOnlyForDeploymentPostprocessing = 0;
		};
/* End PBXFrameworksBuildPhase section */

/* Begin PBXGroup section */
		E226BDF92C6AAE8800D8F389 = {
			isa = PBXGroup;
			children = (
				E284AE902CCD2EAD0008F5E6 /* AppData.xcdatamodeld */,
				E226BE042C6AAE8800D8F389 /* MyAuto */,
				E226BE032C6AAE8800D8F389 /* Products */,
				E2DCAEE42C9A5D35006F4079 /* Frameworks */,
			);
			sourceTree = "<group>";
		};
		E226BE032C6AAE8800D8F389 /* Products */ = {
			isa = PBXGroup;
			children = (
				E226BE022C6AAE8800D8F389 /* MyAuto.app */,
			);
			name = Products;
			sourceTree = "<group>";
		};
		E226BE042C6AAE8800D8F389 /* MyAuto */ = {
			isa = PBXGroup;
			children = (
				E226BE052C6AAE8800D8F389 /* AppDelegate.swift */,
				E226BE072C6AAE8800D8F389 /* SceneDelegate.swift */,
				E2B7D9232C6E50C2009D92F1 /* Routing */,
				E226BE222C6D042500D8F389 /* Modules */,
				E226BE192C6C226C00D8F389 /* Services */,
				E226BE092C6AAE8800D8F389 /* ViewController.swift */,
				E226BE0E2C6AAE8A00D8F389 /* Assets.xcassets */,
				E226BE102C6AAE8A00D8F389 /* LaunchScreen.storyboard */,
				E226BE132C6AAE8A00D8F389 /* Info.plist */,
			);
			path = MyAuto;
			sourceTree = "<group>";
		};
		E226BE192C6C226C00D8F389 /* Services */ = {
			isa = PBXGroup;
			children = (
				E226BE1E2C6CE63600D8F389 /* CarInfoManager.swift */,
				E226BE1C2C6CE5B800D8F389 /* RequestService.swift */,
				E226BE202C6CEA3800D8F389 /* RetryExecutor.swift */,
			);
			path = Services;
			sourceTree = "<group>";
		};
		E226BE222C6D042500D8F389 /* Modules */ = {
			isa = PBXGroup;
			children = (
				E28F47392CD1CA7500AB0029 /* MainTabBar */,
				E2CF79432C70C15D00022D5F /* Chat */,
				E2CF793E2C6EB85900022D5F /* Map */,
				E2B7D9222C6E50B2009D92F1 /* CarInfoDetails */,
			);
			path = Modules;
			sourceTree = "<group>";
		};
		E28F47392CD1CA7500AB0029 /* MainTabBar */ = {
			isa = PBXGroup;
			children = (
				E28F473A2CD1CA8200AB0029 /* MainTabBarViewController.swift */,
			);
			path = MainTabBar;
			sourceTree = "<group>";
		};
		E2B7D9222C6E50B2009D92F1 /* CarInfoDetails */ = {
			isa = PBXGroup;
			children = (
			);
			path = CarInfoDetails;
			sourceTree = "<group>";
		};
		E2B7D9232C6E50C2009D92F1 /* Routing */ = {
			isa = PBXGroup;
			children = (
			);
			path = Routing;
			sourceTree = "<group>";
		};
		E2CF793E2C6EB85900022D5F /* Map */ = {
			isa = PBXGroup;
			children = (
				E2CF793F2C6EB86600022D5F /* MapViewController.swift */,
			);
			path = Map;
			sourceTree = "<group>";
		};
		E2CF79432C70C15D00022D5F /* Chat */ = {
			isa = PBXGroup;
			children = (
				E2CF79412C70BF8F00022D5F /* ChatViewController.swift */,
			);
			path = Chat;
			sourceTree = "<group>";
		};
		E2DCAEE42C9A5D35006F4079 /* Frameworks */ = {
			isa = PBXGroup;
			children = (
			);
			name = Frameworks;
			sourceTree = "<group>";
		};
/* End PBXGroup section */

/* Begin PBXNativeTarget section */
		E226BE012C6AAE8800D8F389 /* MyAuto */ = {
			isa = PBXNativeTarget;
			buildConfigurationList = E226BE162C6AAE8A00D8F389 /* Build configuration list for PBXNativeTarget "MyAuto" */;
			buildPhases = (
				E226BDFE2C6AAE8800D8F389 /* Sources */,
				E226BDFF2C6AAE8800D8F389 /* Frameworks */,
				E226BE002C6AAE8800D8F389 /* Resources */,
			);
			buildRules = (
			);
			dependencies = (
			);
			name = MyAuto;
			packageProductDependencies = (
				E2DCAEF12C9E3262006F4079 /* Architecture */,
				E2DCAEF32C9E3262006F4079 /* CarInfo */,
				E2DCAEF52C9E3262006F4079 /* GlobalServiceLocator */,
				E2DCAEF72C9E32AC006F4079 /* DesignKit */,
				E2DCAEF92C9E32EE006F4079 /* AppServices */,
				E284AE8B2CCD2E160008F5E6 /* CombineCoreData */,
				E22C3E102CD1990D00FC0588 /* MainScreen */,
				E22A803D2CD2E46100ADEB73 /* Profile */,
				E22A803F2CD2F32600ADEB73 /* AnyFormatter */,
				E22A80412CD5B17500ADEB73 /* Search */,
				E22A80432CD5B17F00ADEB73 /* News */,
				E271DB2C2D71BA9B00B27052 /* Calculator */,
				E271DB2E2D71BDE500B27052 /* Expenses */,
				E271DB302D71C11E00B27052 /* Documents */,
				E230800A2D75DD930047F42F /* Skeleton */,
				E2FBEB692D7610F5007F685D /* WeatherEffects */,
				E298BC9D2D81E09B00A41351 /* CarDocumentRecognizer */,
				E2A3DB1D2DABEA2200A893D4 /* CarScanner */,
			);
			productName = MyAuto;
			productReference = E226BE022C6AAE8800D8F389 /* MyAuto.app */;
			productType = "com.apple.product-type.application";
		};
/* End PBXNativeTarget section */

/* Begin PBXProject section */
		E226BDFA2C6AAE8800D8F389 /* Project object */ = {
			isa = PBXProject;
			attributes = {
				BuildIndependentTargetsInParallel = 1;
				LastSwiftUpdateCheck = 1530;
				LastUpgradeCheck = 1530;
				TargetAttributes = {
					E226BE012C6AAE8800D8F389 = {
						CreatedOnToolsVersion = 15.3;
					};
				};
			};
			buildConfigurationList = E226BDFD2C6AAE8800D8F389 /* Build configuration list for PBXProject "MyAuto" */;
			compatibilityVersion = "Xcode 14.0";
			developmentRegion = en;
			hasScannedForEncodings = 0;
			knownRegions = (
				en,
				Base,
			);
			mainGroup = E226BDF92C6AAE8800D8F389;
			packageReferences = (
			);
			productRefGroup = E226BE032C6AAE8800D8F389 /* Products */;
			projectDirPath = "";
			projectRoot = "";
			targets = (
				E226BE012C6AAE8800D8F389 /* MyAuto */,
			);
		};
/* End PBXProject section */

/* Begin PBXResourcesBuildPhase section */
		E226BE002C6AAE8800D8F389 /* Resources */ = {
			isa = PBXResourcesBuildPhase;
			buildActionMask = 2147483647;
			files = (
				E284AE922CCD2EAD0008F5E6 /* AppData.xcdatamodeld in Resources */,
				E226BE0F2C6AAE8A00D8F389 /* Assets.xcassets in Resources */,
				E226BE122C6AAE8A00D8F389 /* Base in Resources */,
			);
			runOnlyForDeploymentPostprocessing = 0;
		};
/* End PBXResourcesBuildPhase section */

/* Begin PBXSourcesBuildPhase section */
		E226BDFE2C6AAE8800D8F389 /* Sources */ = {
			isa = PBXSourcesBuildPhase;
			buildActionMask = 2147483647;
			files = (
				E226BE0A2C6AAE8800D8F389 /* ViewController.swift in Sources */,
				E226BE062C6AAE8800D8F389 /* AppDelegate.swift in Sources */,
				E226BE212C6CEA3800D8F389 /* RetryExecutor.swift in Sources */,
				E28F473B2CD1CA8200AB0029 /* MainTabBarViewController.swift in Sources */,
				E226BE1F2C6CE63600D8F389 /* CarInfoManager.swift in Sources */,
				E226BE1D2C6CE5B800D8F389 /* RequestService.swift in Sources */,
				E226BE082C6AAE8800D8F389 /* SceneDelegate.swift in Sources */,
				E2CF79402C6EB86600022D5F /* MapViewController.swift in Sources */,
				E2CF79422C70BF8F00022D5F /* ChatViewController.swift in Sources */,
			);
			runOnlyForDeploymentPostprocessing = 0;
		};
/* End PBXSourcesBuildPhase section */

/* Begin PBXVariantGroup section */
		E226BE102C6AAE8A00D8F389 /* LaunchScreen.storyboard */ = {
			isa = PBXVariantGroup;
			children = (
				E226BE112C6AAE8A00D8F389 /* Base */,
			);
			name = LaunchScreen.storyboard;
			sourceTree = "<group>";
		};
/* End PBXVariantGroup section */

/* Begin XCBuildConfiguration section */
		E226BE142C6AAE8A00D8F389 /* Debug */ = {
			isa = XCBuildConfiguration;
			buildSettings = {
				ALWAYS_SEARCH_USER_PATHS = NO;
				ASSETCATALOG_COMPILER_GENERATE_SWIFT_ASSET_SYMBOL_EXTENSIONS = YES;
				CLANG_ANALYZER_NONNULL = YES;
				CLANG_ANALYZER_NUMBER_OBJECT_CONVERSION = YES_AGGRESSIVE;
				CLANG_CXX_LANGUAGE_STANDARD = "gnu++20";
				CLANG_ENABLE_MODULES = YES;
				CLANG_ENABLE_OBJC_ARC = YES;
				CLANG_ENABLE_OBJC_WEAK = YES;
				CLANG_WARN_BLOCK_CAPTURE_AUTORELEASING = YES;
				CLANG_WARN_BOOL_CONVERSION = YES;
				CLANG_WARN_COMMA = YES;
				CLANG_WARN_CONSTANT_CONVERSION = YES;
				CLANG_WARN_DEPRECATED_OBJC_IMPLEMENTATIONS = YES;
				CLANG_WARN_DIRECT_OBJC_ISA_USAGE = YES_ERROR;
				CLANG_WARN_DOCUMENTATION_COMMENTS = YES;
				CLANG_WARN_EMPTY_BODY = YES;
				CLANG_WARN_ENUM_CONVERSION = YES;
				CLANG_WARN_INFINITE_RECURSION = YES;
				CLANG_WARN_INT_CONVERSION = YES;
				CLANG_WARN_NON_LITERAL_NULL_CONVERSION = YES;
				CLANG_WARN_OBJC_IMPLICIT_RETAIN_SELF = YES;
				CLANG_WARN_OBJC_LITERAL_CONVERSION = YES;
				CLANG_WARN_OBJC_ROOT_CLASS = YES_ERROR;
				CLANG_WARN_QUOTED_INCLUDE_IN_FRAMEWORK_HEADER = YES;
				CLANG_WARN_RANGE_LOOP_ANALYSIS = YES;
				CLANG_WARN_STRICT_PROTOTYPES = YES;
				CLANG_WARN_SUSPICIOUS_MOVE = YES;
				CLANG_WARN_UNGUARDED_AVAILABILITY = YES_AGGRESSIVE;
				CLANG_WARN_UNREACHABLE_CODE = YES;
				CLANG_WARN__DUPLICATE_METHOD_MATCH = YES;
				COPY_PHASE_STRIP = NO;
				DEBUG_INFORMATION_FORMAT = dwarf;
				ENABLE_STRICT_OBJC_MSGSEND = YES;
				ENABLE_TESTABILITY = YES;
				ENABLE_USER_SCRIPT_SANDBOXING = YES;
				GCC_C_LANGUAGE_STANDARD = gnu17;
				GCC_DYNAMIC_NO_PIC = NO;
				GCC_NO_COMMON_BLOCKS = YES;
				GCC_OPTIMIZATION_LEVEL = 0;
				GCC_PREPROCESSOR_DEFINITIONS = (
					"DEBUG=1",
					"$(inherited)",
				);
				GCC_WARN_64_TO_32_BIT_CONVERSION = YES;
				GCC_WARN_ABOUT_RETURN_TYPE = YES_ERROR;
				GCC_WARN_UNDECLARED_SELECTOR = YES;
				GCC_WARN_UNINITIALIZED_AUTOS = YES_AGGRESSIVE;
				GCC_WARN_UNUSED_FUNCTION = YES;
				GCC_WARN_UNUSED_VARIABLE = YES;
				IPHONEOS_DEPLOYMENT_TARGET = 17.4;
				LOCALIZATION_PREFERS_STRING_CATALOGS = YES;
				MTL_ENABLE_DEBUG_INFO = INCLUDE_SOURCE;
				MTL_FAST_MATH = YES;
				ONLY_ACTIVE_ARCH = YES;
				SDKROOT = iphoneos;
				SWIFT_ACTIVE_COMPILATION_CONDITIONS = "DEBUG $(inherited)";
				SWIFT_OPTIMIZATION_LEVEL = "-Onone";
			};
			name = Debug;
		};
		E226BE152C6AAE8A00D8F389 /* Release */ = {
			isa = XCBuildConfiguration;
			buildSettings = {
				ALWAYS_SEARCH_USER_PATHS = NO;
				ASSETCATALOG_COMPILER_GENERATE_SWIFT_ASSET_SYMBOL_EXTENSIONS = YES;
				CLANG_ANALYZER_NONNULL = YES;
				CLANG_ANALYZER_NUMBER_OBJECT_CONVERSION = YES_AGGRESSIVE;
				CLANG_CXX_LANGUAGE_STANDARD = "gnu++20";
				CLANG_ENABLE_MODULES = YES;
				CLANG_ENABLE_OBJC_ARC = YES;
				CLANG_ENABLE_OBJC_WEAK = YES;
				CLANG_WARN_BLOCK_CAPTURE_AUTORELEASING = YES;
				CLANG_WARN_BOOL_CONVERSION = YES;
				CLANG_WARN_COMMA = YES;
				CLANG_WARN_CONSTANT_CONVERSION = YES;
				CLANG_WARN_DEPRECATED_OBJC_IMPLEMENTATIONS = YES;
				CLANG_WARN_DIRECT_OBJC_ISA_USAGE = YES_ERROR;
				CLANG_WARN_DOCUMENTATION_COMMENTS = YES;
				CLANG_WARN_EMPTY_BODY = YES;
				CLANG_WARN_ENUM_CONVERSION = YES;
				CLANG_WARN_INFINITE_RECURSION = YES;
				CLANG_WARN_INT_CONVERSION = YES;
				CLANG_WARN_NON_LITERAL_NULL_CONVERSION = YES;
				CLANG_WARN_OBJC_IMPLICIT_RETAIN_SELF = YES;
				CLANG_WARN_OBJC_LITERAL_CONVERSION = YES;
				CLANG_WARN_OBJC_ROOT_CLASS = YES_ERROR;
				CLANG_WARN_QUOTED_INCLUDE_IN_FRAMEWORK_HEADER = YES;
				CLANG_WARN_RANGE_LOOP_ANALYSIS = YES;
				CLANG_WARN_STRICT_PROTOTYPES = YES;
				CLANG_WARN_SUSPICIOUS_MOVE = YES;
				CLANG_WARN_UNGUARDED_AVAILABILITY = YES_AGGRESSIVE;
				CLANG_WARN_UNREACHABLE_CODE = YES;
				CLANG_WARN__DUPLICATE_METHOD_MATCH = YES;
				COPY_PHASE_STRIP = NO;
				DEBUG_INFORMATION_FORMAT = "dwarf-with-dsym";
				ENABLE_NS_ASSERTIONS = NO;
				ENABLE_STRICT_OBJC_MSGSEND = YES;
				ENABLE_USER_SCRIPT_SANDBOXING = YES;
				GCC_C_LANGUAGE_STANDARD = gnu17;
				GCC_NO_COMMON_BLOCKS = YES;
				GCC_WARN_64_TO_32_BIT_CONVERSION = YES;
				GCC_WARN_ABOUT_RETURN_TYPE = YES_ERROR;
				GCC_WARN_UNDECLARED_SELECTOR = YES;
				GCC_WARN_UNINITIALIZED_AUTOS = YES_AGGRESSIVE;
				GCC_WARN_UNUSED_FUNCTION = YES;
				GCC_WARN_UNUSED_VARIABLE = YES;
				IPHONEOS_DEPLOYMENT_TARGET = 17.4;
				LOCALIZATION_PREFERS_STRING_CATALOGS = YES;
				MTL_ENABLE_DEBUG_INFO = NO;
				MTL_FAST_MATH = YES;
				SDKROOT = iphoneos;
				SWIFT_COMPILATION_MODE = wholemodule;
				VALIDATE_PRODUCT = YES;
			};
			name = Release;
		};
		E226BE172C6AAE8A00D8F389 /* Debug */ = {
			isa = XCBuildConfiguration;
			buildSettings = {
				ASSETCATALOG_COMPILER_APPICON_NAME = AppIcon;
				ASSETCATALOG_COMPILER_GLOBAL_ACCENT_COLOR_NAME = AccentColor;
				CODE_SIGN_STYLE = Automatic;
				CURRENT_PROJECT_VERSION = 1;
				DEVELOPMENT_TEAM = 7D3Z5CX5PT;
				ENABLE_USER_SCRIPT_SANDBOXING = NO;
				GENERATE_INFOPLIST_FILE = YES;
				INFOPLIST_FILE = MyAuto/Info.plist;
				INFOPLIST_KEY_NSBluetoothAlwaysUsageDescription = "Дай доступ к bluetooth";
				INFOPLIST_KEY_NSBluetoothPeripheralUsageDescription = "Дай доступ к bluetooth";
				INFOPLIST_KEY_NSCameraUsageDescription = "Дайте доступ к камере";
				INFOPLIST_KEY_NSLocationAlwaysAndWhenInUseUsageDescription = "Нам необходим доступ к геолокации";
				INFOPLIST_KEY_NSLocationAlwaysUsageDescription = "Нам необходим доступ к геолокации";
				INFOPLIST_KEY_NSLocationUsageDescription = "Нам необходим доступ к геолокации";
				INFOPLIST_KEY_NSLocationWhenInUseUsageDescription = "Нам необходим доступ к геолокации";
				INFOPLIST_KEY_NSPhotoLibraryUsageDescription = "Доступ к фото";
				INFOPLIST_KEY_UIApplicationSupportsIndirectInputEvents = YES;
				INFOPLIST_KEY_UILaunchStoryboardName = LaunchScreen;
				INFOPLIST_KEY_UIMainStoryboardFile = "";
				INFOPLIST_KEY_UISupportedInterfaceOrientations_iPad = "UIInterfaceOrientationPortrait UIInterfaceOrientationPortraitUpsideDown UIInterfaceOrientationLandscapeLeft UIInterfaceOrientationLandscapeRight";
				INFOPLIST_KEY_UISupportedInterfaceOrientations_iPhone = "UIInterfaceOrientationPortrait UIInterfaceOrientationLandscapeLeft UIInterfaceOrientationLandscapeRight";
				IPHONEOS_DEPLOYMENT_TARGET = 16.0;
				LD_RUNPATH_SEARCH_PATHS = (
					"$(inherited)",
					"@executable_path/Frameworks",
				);
				MARKETING_VERSION = 1.0;
				PRODUCT_BUNDLE_IDENTIFIER = com.myauto.MyAuto;
				PRODUCT_NAME = "$(TARGET_NAME)";
				SWIFT_EMIT_LOC_STRINGS = YES;
				SWIFT_VERSION = 5.0;
				TARGETED_DEVICE_FAMILY = "1,2";
			};
			name = Debug;
		};
		E226BE182C6AAE8A00D8F389 /* Release */ = {
			isa = XCBuildConfiguration;
			buildSettings = {
				ASSETCATALOG_COMPILER_APPICON_NAME = AppIcon;
				ASSETCATALOG_COMPILER_GLOBAL_ACCENT_COLOR_NAME = AccentColor;
				CODE_SIGN_STYLE = Automatic;
				CURRENT_PROJECT_VERSION = 1;
				DEVELOPMENT_TEAM = 7D3Z5CX5PT;
				ENABLE_USER_SCRIPT_SANDBOXING = NO;
				GENERATE_INFOPLIST_FILE = YES;
				INFOPLIST_FILE = MyAuto/Info.plist;
				INFOPLIST_KEY_NSBluetoothAlwaysUsageDescription = "Дай доступ к bluetooth";
				INFOPLIST_KEY_NSBluetoothPeripheralUsageDescription = "Дай доступ к bluetooth";
				INFOPLIST_KEY_NSCameraUsageDescription = "Дайте доступ к камере";
				INFOPLIST_KEY_NSLocationAlwaysAndWhenInUseUsageDescription = "Нам необходим доступ к геолокации";
				INFOPLIST_KEY_NSLocationAlwaysUsageDescription = "Нам необходим доступ к геолокации";
				INFOPLIST_KEY_NSLocationUsageDescription = "Нам необходим доступ к геолокации";
				INFOPLIST_KEY_NSLocationWhenInUseUsageDescription = "Нам необходим доступ к геолокации";
				INFOPLIST_KEY_NSPhotoLibraryUsageDescription = "Доступ к фото";
				INFOPLIST_KEY_UIApplicationSupportsIndirectInputEvents = YES;
				INFOPLIST_KEY_UILaunchStoryboardName = LaunchScreen;
				INFOPLIST_KEY_UIMainStoryboardFile = "";
				INFOPLIST_KEY_UISupportedInterfaceOrientations_iPad = "UIInterfaceOrientationPortrait UIInterfaceOrientationPortraitUpsideDown UIInterfaceOrientationLandscapeLeft UIInterfaceOrientationLandscapeRight";
				INFOPLIST_KEY_UISupportedInterfaceOrientations_iPhone = "UIInterfaceOrientationPortrait UIInterfaceOrientationLandscapeLeft UIInterfaceOrientationLandscapeRight";
				IPHONEOS_DEPLOYMENT_TARGET = 16.0;
				LD_RUNPATH_SEARCH_PATHS = (
					"$(inherited)",
					"@executable_path/Frameworks",
				);
				MARKETING_VERSION = 1.0;
				PRODUCT_BUNDLE_IDENTIFIER = com.myauto.MyAuto;
				PRODUCT_NAME = "$(TARGET_NAME)";
				SWIFT_EMIT_LOC_STRINGS = YES;
				SWIFT_VERSION = 5.0;
				TARGETED_DEVICE_FAMILY = "1,2";
			};
			name = Release;
		};
/* End XCBuildConfiguration section */

/* Begin XCConfigurationList section */
		E226BDFD2C6AAE8800D8F389 /* Build configuration list for PBXProject "MyAuto" */ = {
			isa = XCConfigurationList;
			buildConfigurations = (
				E226BE142C6AAE8A00D8F389 /* Debug */,
				E226BE152C6AAE8A00D8F389 /* Release */,
			);
			defaultConfigurationIsVisible = 0;
			defaultConfigurationName = Release;
		};
		E226BE162C6AAE8A00D8F389 /* Build configuration list for PBXNativeTarget "MyAuto" */ = {
			isa = XCConfigurationList;
			buildConfigurations = (
				E226BE172C6AAE8A00D8F389 /* Debug */,
				E226BE182C6AAE8A00D8F389 /* Release */,
			);
			defaultConfigurationIsVisible = 0;
			defaultConfigurationName = Release;
		};
/* End XCConfigurationList section */

/* Begin XCSwiftPackageProductDependency section */
		E22A803D2CD2E46100ADEB73 /* Profile */ = {
			isa = XCSwiftPackageProductDependency;
			productName = Profile;
		};
		E22A803F2CD2F32600ADEB73 /* AnyFormatter */ = {
			isa = XCSwiftPackageProductDependency;
			productName = AnyFormatter;
		};
		E22A80412CD5B17500ADEB73 /* Search */ = {
			isa = XCSwiftPackageProductDependency;
			productName = Search;
		};
		E22A80432CD5B17F00ADEB73 /* News */ = {
			isa = XCSwiftPackageProductDependency;
			productName = News;
		};
		E22C3E102CD1990D00FC0588 /* MainScreen */ = {
			isa = XCSwiftPackageProductDependency;
			productName = MainScreen;
		};
		E230800A2D75DD930047F42F /* Skeleton */ = {
			isa = XCSwiftPackageProductDependency;
			productName = Skeleton;
		};
		E271DB2C2D71BA9B00B27052 /* Calculator */ = {
			isa = XCSwiftPackageProductDependency;
			productName = Calculator;
		};
		E271DB2E2D71BDE500B27052 /* Expenses */ = {
			isa = XCSwiftPackageProductDependency;
			productName = Expenses;
		};
		E271DB302D71C11E00B27052 /* Documents */ = {
			isa = XCSwiftPackageProductDependency;
			productName = Documents;
		};
		E284AE8B2CCD2E160008F5E6 /* CombineCoreData */ = {
			isa = XCSwiftPackageProductDependency;
			productName = CombineCoreData;
		};
		E298BC9D2D81E09B00A41351 /* CarDocumentRecognizer */ = {
			isa = XCSwiftPackageProductDependency;
			productName = CarDocumentRecognizer;
		};
		E2A3DB1D2DABEA2200A893D4 /* CarScanner */ = {
			isa = XCSwiftPackageProductDependency;
			productName = CarScanner;
		};
		E2DCAEF12C9E3262006F4079 /* Architecture */ = {
			isa = XCSwiftPackageProductDependency;
			productName = Architecture;
		};
		E2DCAEF32C9E3262006F4079 /* CarInfo */ = {
			isa = XCSwiftPackageProductDependency;
			productName = CarInfo;
		};
		E2DCAEF52C9E3262006F4079 /* GlobalServiceLocator */ = {
			isa = XCSwiftPackageProductDependency;
			productName = GlobalServiceLocator;
		};
		E2DCAEF72C9E32AC006F4079 /* DesignKit */ = {
			isa = XCSwiftPackageProductDependency;
			productName = DesignKit;
		};
		E2DCAEF92C9E32EE006F4079 /* AppServices */ = {
			isa = XCSwiftPackageProductDependency;
			productName = AppServices;
		};
		E2FBEB692D7610F5007F685D /* WeatherEffects */ = {
			isa = XCSwiftPackageProductDependency;
			productName = WeatherEffects;
		};
/* End XCSwiftPackageProductDependency section */

/* Begin XCVersionGroup section */
		E284AE902CCD2EAD0008F5E6 /* AppData.xcdatamodeld */ = {
			isa = XCVersionGroup;
			children = (
				E284AE912CCD2EAD0008F5E6 /* Model.xcdatamodel */,
			);
			currentVersion = E284AE912CCD2EAD0008F5E6 /* Model.xcdatamodel */;
			name = AppData.xcdatamodeld;
			path = Libraries/CombineCoreData/Sources/Resources/AppData.xcdatamodeld;
			sourceTree = "<group>";
			versionGroupType = wrapper.xcdatamodel;
		};
/* End XCVersionGroup section */
	};
	rootObject = E226BDFA2C6AAE8800D8F389 /* Project object */;
}
